
Microsoft Visual Studio Solution File, Format Version 12.00
# Visual Studio Version 16
VisualStudioVersion = 16.0.29806.167
MinimumVisualStudioVersion = 10.0.40219.1
Project("{9A19103F-16F7-4668-BE54-9A1E7A4F7556}") = "Fundamento_Arquitetura", "Fundamento_Arquitetura\Fundamento_Arquitetura.csproj", "{447138DF-1BE6-4888-96E3-AB3BD36DC921}"
EndProject
Project("{9A19103F-16F7-4668-BE54-9A1E7A4F7556}") = "SOLID", "SOLID\SOLID\SOLID.csproj", "{E029DC2C-C272-4A1D-9635-D01601CFB451}"
EndProject
Project("{9A19103F-16F7-4668-BE54-9A1E7A4F7556}") = "DemoDI", "DemoDI\DemoDI\DemoDI.csproj", "{C50E278F-D3DA-484B-B354-8D3177E32992}"
EndProject
Project("{9A19103F-16F7-4668-BE54-9A1E7A4F7556}") = "DemoDI_2", "DemoDI_2\DemoDI_2\DemoDI_2.csproj", "{8766319F-D264-457A-8354-392A64129332}"
EndProject
Project("{FAE04EC0-301F-11D3-BF4B-00C04F79EFBC}") = "DesignPatterns", "DesignPatterns\DesignPatterns.csproj", "{1A817670-A0E9-4C47-88F1-A06A3778998B}"
EndProject
Global
	GlobalSection(SolutionConfigurationPlatforms) = preSolution
		Debug|Any CPU = Debug|Any CPU
		Release|Any CPU = Release|Any CPU
	EndGlobalSection
	GlobalSection(ProjectConfigurationPlatforms) = postSolution
		{447138DF-1BE6-4888-96E3-AB3BD36DC921}.Debug|Any CPU.ActiveCfg = Debug|Any CPU
		{447138DF-1BE6-4888-96E3-AB3BD36DC921}.Debug|Any CPU.Build.0 = Debug|Any CPU
		{447138DF-1BE6-4888-96E3-AB3BD36DC921}.Release|Any CPU.ActiveCfg = Release|Any CPU
		{447138DF-1BE6-4888-96E3-AB3BD36DC921}.Release|Any CPU.Build.0 = Release|Any CPU
		{E029DC2C-C272-4A1D-9635-D01601CFB451}.Debug|Any CPU.ActiveCfg = Debug|Any CPU
		{E029DC2C-C272-4A1D-9635-D01601CFB451}.Debug|Any CPU.Build.0 = Debug|Any CPU
		{E029DC2C-C272-4A1D-9635-D01601CFB451}.Release|Any CPU.ActiveCfg = Release|Any CPU
		{E029DC2C-C272-4A1D-9635-D01601CFB451}.Release|Any CPU.Build.0 = Release|Any CPU
		{C50E278F-D3DA-484B-B354-8D3177E32992}.Debug|Any CPU.ActiveCfg = Debug|Any CPU
		{C50E278F-D3DA-484B-B354-8D3177E32992}.Debug|Any CPU.Build.0 = Debug|Any CPU
		{C50E278F-D3DA-484B-B354-8D3177E32992}.Release|Any CPU.ActiveCfg = Release|Any CPU
		{C50E278F-D3DA-484B-B354-8D3177E32992}.Release|Any CPU.Build.0 = Release|Any CPU
		{8766319F-D264-457A-8354-392A64129332}.Debug|Any CPU.ActiveCfg = Debug|Any CPU
		{8766319F-D264-457A-8354-392A64129332}.Debug|Any CPU.Build.0 = Debug|Any CPU
		{8766319F-D264-457A-8354-392A64129332}.Release|Any CPU.ActiveCfg = Release|Any CPU
		{8766319F-D264-457A-8354-392A64129332}.Release|Any CPU.Build.0 = Release|Any CPU
		{1A817670-A0E9-4C47-88F1-A06A3778998B}.Debug|Any CPU.ActiveCfg = Debug|Any CPU
		{1A817670-A0E9-4C47-88F1-A06A3778998B}.Debug|Any CPU.Build.0 = Debug|Any CPU
		{1A817670-A0E9-4C47-88F1-A06A3778998B}.Release|Any CPU.ActiveCfg = Release|Any CPU
		{1A817670-A0E9-4C47-88F1-A06A3778998B}.Release|Any CPU.Build.0 = Release|Any CPU
	EndGlobalSection
	GlobalSection(SolutionProperties) = preSolution
		HideSolutionNode = FALSE
	EndGlobalSection
	GlobalSection(ExtensibilityGlobals) = postSolution
		SolutionGuid = {85A14F4B-2E14-4B51-ACCF-2C3459D93E18}
	EndGlobalSection
EndGlobal
